// !$*UTF8*$!
{
	archiveVersion = 1;
	classes = {
	};
	objectVersion = 55;
	objects = {

/* Begin PBXBuildFile section */
		7181A85B4AA0172E26D3540C /* Pods_FacebookAdsTest.framework in Frameworks */ = {isa = PBXBuildFile; fileRef = D0E43FEA60CC97CFF635754C /* Pods_FacebookAdsTest.framework */; };
		EE2DD8E0285C768C00023116 /* AppDelegate.swift in Sources */ = {isa = PBXBuildFile; fileRef = EE2DD8DF285C768C00023116 /* AppDelegate.swift */; };
		EE2DD8E2285C768C00023116 /* SceneDelegate.swift in Sources */ = {isa = PBXBuildFile; fileRef = EE2DD8E1285C768C00023116 /* SceneDelegate.swift */; };
		EE2DD8E4285C768C00023116 /* ViewController.swift in Sources */ = {isa = PBXBuildFile; fileRef = EE2DD8E3285C768C00023116 /* ViewController.swift */; };
		EE2DD8E7285C768C00023116 /* Main.storyboard in Resources */ = {isa = PBXBuildFile; fileRef = EE2DD8E5285C768C00023116 /* Main.storyboard */; };
		EE2DD8E9285C768D00023116 /* Assets.xcassets in Resources */ = {isa = PBXBuildFile; fileRef = EE2DD8E8285C768D00023116 /* Assets.xcassets */; };
		EE2DD8EC285C768D00023116 /* LaunchScreen.storyboard in Resources */ = {isa = PBXBuildFile; fileRef = EE2DD8EA285C768D00023116 /* LaunchScreen.storyboard */; };
/* End PBXBuildFile section */

/* Begin PBXFileReference section */
		C5F9FCA06C6D6136CB18A74F /* Pods-FacebookAdsTest.debug.xcconfig */ = {isa = PBXFileReference; includeInIndex = 1; lastKnownFileType = text.xcconfig; name = "Pods-FacebookAdsTest.debug.xcconfig"; path = "Target Support Files/Pods-FacebookAdsTest/Pods-FacebookAdsTest.debug.xcconfig"; sourceTree = "<group>"; };
		D0E43FEA60CC97CFF635754C /* Pods_FacebookAdsTest.framework */ = {isa = PBXFileReference; explicitFileType = wrapper.framework; includeInIndex = 0; path = Pods_FacebookAdsTest.framework; sourceTree = BUILT_PRODUCTS_DIR; };
		D5AA5136DC00B5ADF9ADB626 /* Pods-FacebookAdsTest.release.xcconfig */ = {isa = PBXFileReference; includeInIndex = 1; lastKnownFileType = text.xcconfig; name = "Pods-FacebookAdsTest.release.xcconfig"; path = "Target Support Files/Pods-FacebookAdsTest/Pods-FacebookAdsTest.release.xcconfig"; sourceTree = "<group>"; };
		EE2DD8DC285C768C00023116 /* FacebookAdsTest.app */ = {isa = PBXFileReference; explicitFileType = wrapper.application; includeInIndex = 0; path = FacebookAdsTest.app; sourceTree = BUILT_PRODUCTS_DIR; };
		EE2DD8DF285C768C00023116 /* AppDelegate.swift */ = {isa = PBXFileReference; lastKnownFileType = sourcecode.swift; path = AppDelegate.swift; sourceTree = "<group>"; };
		EE2DD8E1285C768C00023116 /* SceneDelegate.swift */ = {isa = PBXFileReference; lastKnownFileType = sourcecode.swift; path = SceneDelegate.swift; sourceTree = "<group>"; };
		EE2DD8E3285C768C00023116 /* ViewController.swift */ = {isa = PBXFileReference; lastKnownFileType = sourcecode.swift; path = ViewController.swift; sourceTree = "<group>"; };
		EE2DD8E6285C768C00023116 /* Base */ = {isa = PBXFileReference; lastKnownFileType = file.storyboard; name = Base; path = Base.lproj/Main.storyboard; sourceTree = "<group>"; };
		EE2DD8E8285C768D00023116 /* Assets.xcassets */ = {isa = PBXFileReference; lastKnownFileType = folder.assetcatalog; path = Assets.xcassets; sourceTree = "<group>"; };
		EE2DD8EB285C768D00023116 /* Base */ = {isa = PBXFileReference; lastKnownFileType = file.storyboard; name = Base; path = Base.lproj/LaunchScreen.storyboard; sourceTree = "<group>"; };
		EE2DD8ED285C768D00023116 /* Info.plist */ = {isa = PBXFileReference; lastKnownFileType = text.plist.xml; path = Info.plist; sourceTree = "<group>"; };
/* End PBXFileReference section */

/* Begin PBXFrameworksBuildPhase section */
		EE2DD8D9285C768C00023116 /* Frameworks */ = {
			isa = PBXFrameworksBuildPhase;
			buildActionMask = 2147483647;
			files = (
				7181A85B4AA0172E26D3540C /* Pods_FacebookAdsTest.framework in Frameworks */,
			);
			runOnlyForDeploymentPostprocessing = 0;
		};
/* End PBXFrameworksBuildPhase section */

/* Begin PBXGroup section */
		22D17BF9F6AC0C1EEA6BFAD2 /* Pods */ = {
			isa = PBXGroup;
			children = (
				C5F9FCA06C6D6136CB18A74F /* Pods-FacebookAdsTest.debug.xcconfig */,
				D5AA5136DC00B5ADF9ADB626 /* Pods-FacebookAdsTest.release.xcconfig */,
			);
			name = Pods;
			path = Pods;
			sourceTree = "<group>";
		};
		CBD5C1C2A0A011F0511BF5AE /* Frameworks */ = {
			isa = PBXGroup;
			children = (
				D0E43FEA60CC97CFF635754C /* Pods_FacebookAdsTest.framework */,
			);
			name = Frameworks;
			sourceTree = "<group>";
		};
		EE2DD8D3285C768C00023116 = {
			isa = PBXGroup;
			children = (
				EE2DD8DE285C768C00023116 /* FacebookAdsTest */,
				EE2DD8DD285C768C00023116 /* Products */,
				22D17BF9F6AC0C1EEA6BFAD2 /* Pods */,
				CBD5C1C2A0A011F0511BF5AE /* Frameworks */,
			);
			sourceTree = "<group>";
		};
		EE2DD8DD285C768C00023116 /* Products */ = {
			isa = PBXGroup;
			children = (
				EE2DD8DC285C768C00023116 /* FacebookAdsTest.app */,
			);
			name = Products;
			sourceTree = "<group>";
		};
		EE2DD8DE285C768C00023116 /* FacebookAdsTest */ = {
			isa = PBXGroup;
			children = (
				EE2DD8DF285C768C00023116 /* AppDelegate.swift */,
				EE2DD8E1285C768C00023116 /* SceneDelegate.swift */,
				EE2DD8E3285C768C00023116 /* ViewController.swift */,
				EE2DD8E5285C768C00023116 /* Main.storyboard */,
				EE2DD8E8285C768D00023116 /* Assets.xcassets */,
				EE2DD8EA285C768D00023116 /* LaunchScreen.storyboard */,
				EE2DD8ED285C768D00023116 /* Info.plist */,
			);
			path = FacebookAdsTest;
			sourceTree = "<group>";
		};
/* End PBXGroup section */

/* Begin PBXNativeTarget section */
		EE2DD8DB285C768C00023116 /* FacebookAdsTest */ = {
			isa = PBXNativeTarget;
			buildConfigurationList = EE2DD8F0285C768D00023116 /* Build configuration list for PBXNativeTarget "FacebookAdsTest" */;
			buildPhases = (
				FE26BAEDA44F8D19C59E8B58 /* [CP] Check Pods Manifest.lock */,
				EE2DD8D8285C768C00023116 /* Sources */,
				EE2DD8D9285C768C00023116 /* Frameworks */,
				EE2DD8DA285C768C00023116 /* Resources */,
			);
			buildRules = (
			);
			dependencies = (
			);
			name = FacebookAdsTest;
			productName = FacebookAdsTest;
			productReference = EE2DD8DC285C768C00023116 /* FacebookAdsTest.app */;
			productType = "com.apple.product-type.application";
		};
/* End PBXNativeTarget section */

/* Begin PBXProject section */
		EE2DD8D4285C768C00023116 /* Project object */ = {
			isa = PBXProject;
			attributes = {
				BuildIndependentTargetsInParallel = 1;
				LastSwiftUpdateCheck = 1330;
				LastUpgradeCheck = 1330;
				TargetAttributes = {
					EE2DD8DB285C768C00023116 = {
						CreatedOnToolsVersion = 13.3.1;
					};
				};
			};
			buildConfigurationList = EE2DD8D7285C768C00023116 /* Build configuration list for PBXProject "FacebookAdsTest" */;
			compatibilityVersion = "Xcode 13.0";
			developmentRegion = en;
			hasScannedForEncodings = 0;
			knownRegions = (
				en,
				Base,
			);
			mainGroup = EE2DD8D3285C768C00023116;
			productRefGroup = EE2DD8DD285C768C00023116 /* Products */;
			projectDirPath = "";
			projectRoot = "";
			targets = (
				EE2DD8DB285C768C00023116 /* FacebookAdsTest */,
			);
		};
/* End PBXProject section */

/* Begin PBXResourcesBuildPhase section */
		EE2DD8DA285C768C00023116 /* Resources */ = {
			isa = PBXResourcesBuildPhase;
			buildActionMask = 2147483647;
			files = (
				EE2DD8EC285C768D00023116 /* LaunchScreen.storyboard in Resources */,
				EE2DD8E9285C768D00023116 /* Assets.xcassets in Resources */,
				EE2DD8E7285C768C00023116 /* Main.storyboard in Resources */,
			);
			runOnlyForDeploymentPostprocessing = 0;
		};
/* End PBXResourcesBuildPhase section */

/* Begin PBXShellScriptBuildPhase section */
		FE26BAEDA44F8D19C59E8B58 /* [CP] Check Pods Manifest.lock */ = {
			isa = PBXShellScriptBuildPhase;
			buildActionMask = 2147483647;
			files = (
			);
			inputFileListPaths = (
			);
			inputPaths = (
				"${PODS_PODFILE_DIR_PATH}/Podfile.lock",
				"${PODS_ROOT}/Manifest.lock",
			);
			name = "[CP] Check Pods Manifest.lock";
			outputFileListPaths = (
			);
			outputPaths = (
				"$(DERIVED_FILE_DIR)/Pods-FacebookAdsTest-checkManifestLockResult.txt",
			);
			runOnlyForDeploymentPostprocessing = 0;
			shellPath = /bin/sh;
			shellScript = "diff \"${PODS_PODFILE_DIR_PATH}/Podfile.lock\" \"${PODS_ROOT}/Manifest.lock\" > /dev/null\nif [ $? != 0 ] ; then\n    # print error to STDERR\n    echo \"error: The sandbox is not in sync with the Podfile.lock. Run 'pod install' or update your CocoaPods installation.\" >&2\n    exit 1\nfi\n# This output is used by Xcode 'outputs' to avoid re-running this script phase.\necho \"SUCCESS\" > \"${SCRIPT_OUTPUT_FILE_0}\"\n";
			showEnvVarsInLog = 0;
		};
/* End PBXShellScriptBuildPhase section */

/* Begin PBXSourcesBuildPhase section */
		EE2DD8D8285C768C00023116 /* Sources */ = {
			isa = PBXSourcesBuildPhase;
			buildActionMask = 2147483647;
			files = (
				EE2DD8E4285C768C00023116 /* ViewController.swift in Sources */,
				EE2DD8E0285C768C00023116 /* AppDelegate.swift in Sources */,
				EE2DD8E2285C768C00023116 /* SceneDelegate.swift in Sources */,
			);
			runOnlyForDeploymentPostprocessing = 0;
		};
/* End PBXSourcesBuildPhase section */

/* Begin PBXVariantGroup section */
		EE2DD8E5285C768C00023116 /* Main.storyboard */ = {
			isa = PBXVariantGroup;
			children = (
				EE2DD8E6285C768C00023116 /* Base */,
			);
			name = Main.storyboard;
			sourceTree = "<group>";
		};
		EE2DD8EA285C768D00023116 /* LaunchScreen.storyboard */ = {
			isa = PBXVariantGroup;
			children = (
				EE2DD8EB285C768D00023116 /* Base */,
			);
			name = LaunchScreen.storyboard;
			sourceTree = "<group>";
		};
/* End PBXVariantGroup section */

/* Begin XCBuildConfiguration section */
		EE2DD8EE285C768D00023116 /* Debug */ = {
			isa = XCBuildConfiguration;
			buildSettings = {
				ALWAYS_SEARCH_USER_PATHS = NO;
				CLANG_ANALYZER_NONNULL = YES;
				CLANG_ANALYZER_NUMBER_OBJECT_CONVERSION = YES_AGGRESSIVE;
				CLANG_CXX_LANGUAGE_STANDARD = "gnu++17";
				CLANG_ENABLE_MODULES = YES;
				CLANG_ENABLE_OBJC_ARC = YES;
				CLANG_ENABLE_OBJC_WEAK = YES;
				CLANG_WARN_BLOCK_CAPTURE_AUTORELEASING = YES;
				CLANG_WARN_BOOL_CONVERSION = YES;
				CLANG_WARN_COMMA = YES;
				CLANG_WARN_CONSTANT_CONVERSION = YES;
				CLANG_WARN_DEPRECATED_OBJC_IMPLEMENTATIONS = YES;
				CLANG_WARN_DIRECT_OBJC_ISA_USAGE = YES_ERROR;
				CLANG_WARN_DOCUMENTATION_COMMENTS = YES;
				CLANG_WARN_EMPTY_BODY = YES;
				CLANG_WARN_ENUM_CONVERSION = YES;
				CLANG_WARN_INFINITE_RECURSION = YES;
				CLANG_WARN_INT_CONVERSION = YES;
				CLANG_WARN_NON_LITERAL_NULL_CONVERSION = YES;
				CLANG_WARN_OBJC_IMPLICIT_RETAIN_SELF = YES;
				CLANG_WARN_OBJC_LITERAL_CONVERSION = YES;
				CLANG_WARN_OBJC_ROOT_CLASS = YES_ERROR;
				CLANG_WARN_QUOTED_INCLUDE_IN_FRAMEWORK_HEADER = YES;
				CLANG_WARN_RANGE_LOOP_ANALYSIS = YES;
				CLANG_WARN_STRICT_PROTOTYPES = YES;
				CLANG_WARN_SUSPICIOUS_MOVE = YES;
				CLANG_WARN_UNGUARDED_AVAILABILITY = YES_AGGRESSIVE;
				CLANG_WARN_UNREACHABLE_CODE = YES;
				CLANG_WARN__DUPLICATE_METHOD_MATCH = YES;
				COPY_PHASE_STRIP = NO;
				DEBUG_INFORMATION_FORMAT = dwarf;
				ENABLE_STRICT_OBJC_MSGSEND = YES;
				ENABLE_TESTABILITY = YES;
				GCC_C_LANGUAGE_STANDARD = gnu11;
				GCC_DYNAMIC_NO_PIC = NO;
				GCC_NO_COMMON_BLOCKS = YES;
				GCC_OPTIMIZATION_LEVEL = 0;
				GCC_PREPROCESSOR_DEFINITIONS = (
					"DEBUG=1",
					"$(inherited)",
				);
				GCC_WARN_64_TO_32_BIT_CONVERSION = YES;
				GCC_WARN_ABOUT_RETURN_TYPE = YES_ERROR;
				GCC_WARN_UNDECLARED_SELECTOR = YES;
				GCC_WARN_UNINITIALIZED_AUTOS = YES_AGGRESSIVE;
				GCC_WARN_UNUSED_FUNCTION = YES;
				GCC_WARN_UNUSED_VARIABLE = YES;
				IPHONEOS_DEPLOYMENT_TARGET = 15.4;
				MTL_ENABLE_DEBUG_INFO = INCLUDE_SOURCE;
				MTL_FAST_MATH = YES;
				ONLY_ACTIVE_ARCH = YES;
				SDKROOT = iphoneos;
				SWIFT_ACTIVE_COMPILATION_CONDITIONS = DEBUG;
				SWIFT_OPTIMIZATION_LEVEL = "-Onone";
			};
			name = Debug;
		};
		EE2DD8EF285C768D00023116 /* Release */ = {
			isa = XCBuildConfiguration;
			buildSettings = {
				ALWAYS_SEARCH_USER_PATHS = NO;
				CLANG_ANALYZER_NONNULL = YES;
				CLANG_ANALYZER_NUMBER_OBJECT_CONVERSION = YES_AGGRESSIVE;
				CLANG_CXX_LANGUAGE_STANDARD = "gnu++17";
				CLANG_ENABLE_MODULES = YES;
				CLANG_ENABLE_OBJC_ARC = YES;
				CLANG_ENABLE_OBJC_WEAK = YES;
				CLANG_WARN_BLOCK_CAPTURE_AUTORELEASING = YES;
				CLANG_WARN_BOOL_CONVERSION = YES;
				CLANG_WARN_COMMA = YES;
				CLANG_WARN_CONSTANT_CONVERSION = YES;
				CLANG_WARN_DEPRECATED_OBJC_IMPLEMENTATIONS = YES;
				CLANG_WARN_DIRECT_OBJC_ISA_USAGE = YES_ERROR;
				CLANG_WARN_DOCUMENTATION_COMMENTS = YES;
				CLANG_WARN_EMPTY_BODY = YES;
				CLANG_WARN_ENUM_CONVERSION = YES;
				CLANG_WARN_INFINITE_RECURSION = YES;
				CLANG_WARN_INT_CONVERSION = YES;
				CLANG_WARN_NON_LITERAL_NULL_CONVERSION = YES;
				CLANG_WARN_OBJC_IMPLICIT_RETAIN_SELF = YES;
				CLANG_WARN_OBJC_LITERAL_CONVERSION = YES;
				CLANG_WARN_OBJC_ROOT_CLASS = YES_ERROR;
				CLANG_WARN_QUOTED_INCLUDE_IN_FRAMEWORK_HEADER = YES;
				CLANG_WARN_RANGE_LOOP_ANALYSIS = YES;
				CLANG_WARN_STRICT_PROTOTYPES = YES;
				CLANG_WARN_SUSPICIOUS_MOVE = YES;
				CLANG_WARN_UNGUARDED_AVAILABILITY = YES_AGGRESSIVE;
				CLANG_WARN_UNREACHABLE_CODE = YES;
				CLANG_WARN__DUPLICATE_METHOD_MATCH = YES;
				COPY_PHASE_STRIP = NO;
				DEBUG_INFORMATION_FORMAT = "dwarf-with-dsym";
				ENABLE_NS_ASSERTIONS = NO;
				ENABLE_STRICT_OBJC_MSGSEND = YES;
				GCC_C_LANGUAGE_STANDARD = gnu11;
				GCC_NO_COMMON_BLOCKS = YES;
				GCC_WARN_64_TO_32_BIT_CONVERSION = YES;
				GCC_WARN_ABOUT_RETURN_TYPE = YES_ERROR;
				GCC_WARN_UNDECLARED_SELECTOR = YES;
				GCC_WARN_UNINITIALIZED_AUTOS = YES_AGGRESSIVE;
				GCC_WARN_UNUSED_FUNCTION = YES;
				GCC_WARN_UNUSED_VARIABLE = YES;
				IPHONEOS_DEPLOYMENT_TARGET = 15.4;
				MTL_ENABLE_DEBUG_INFO = NO;
				MTL_FAST_MATH = YES;
				SDKROOT = iphoneos;
				SWIFT_COMPILATION_MODE = wholemodule;
				SWIFT_OPTIMIZATION_LEVEL = "-O";
				VALIDATE_PRODUCT = YES;
			};
			name = Release;
		};
		EE2DD8F1285C768D00023116 /* Debug */ = {
			isa = XCBuildConfiguration;
			baseConfigurationReference = C5F9FCA06C6D6136CB18A74F /* Pods-FacebookAdsTest.debug.xcconfig */;
			buildSettings = {
				ASSETCATALOG_COMPILER_APPICON_NAME = AppIcon;
				ASSETCATALOG_COMPILER_GLOBAL_ACCENT_COLOR_NAME = AccentColor;
				CODE_SIGN_STYLE = Automatic;
				CURRENT_PROJECT_VERSION = 1;
				DEVELOPMENT_TEAM = W3N523VDD8;
				GENERATE_INFOPLIST_FILE = YES;
				INFOPLIST_FILE = FacebookAdsTest/Info.plist;
				INFOPLIST_KEY_UIApplicationSupportsIndirectInputEvents = YES;
				INFOPLIST_KEY_UILaunchStoryboardName = LaunchScreen;
				INFOPLIST_KEY_UIMainStoryboardFile = Main;
				INFOPLIST_KEY_UISupportedInterfaceOrientations_iPad = "UIInterfaceOrientationPortrait UIInterfaceOrientationPortraitUpsideDown UIInterfaceOrientationLandscapeLeft UIInterfaceOrientationLandscapeRight";
				INFOPLIST_KEY_UISupportedInterfaceOrientations_iPhone = "UIInterfaceOrientationPortrait UIInterfaceOrientationLandscapeLeft UIInterfaceOrientationLandscapeRight";
				LD_RUNPATH_SEARCH_PATHS = (
					"$(inherited)",
					"@executable_path/Frameworks",
				);
				MARKETING_VERSION = 1.0;
				PRODUCT_BUNDLE_IDENTIFIER = com.jbas.myapp.FacebookAdsTest;
				PRODUCT_NAME = "$(TARGET_NAME)";
				SWIFT_EMIT_LOC_STRINGS = YES;
				SWIFT_VERSION = 5.0;
				TARGETED_DEVICE_FAMILY = "1,2";
			};
			name = Debug;
		};
		EE2DD8F2285C768D00023116 /* Release */ = {
			isa = XCBuildConfiguration;
			baseConfigurationReference = D5AA5136DC00B5ADF9ADB626 /* Pods-FacebookAdsTest.release.xcconfig */;
			buildSettings = {
				ASSETCATALOG_COMPILER_APPICON_NAME = AppIcon;
				ASSETCATALOG_COMPILER_GLOBAL_ACCENT_COLOR_NAME = AccentColor;
				CODE_SIGN_STYLE = Automatic;
				CURRENT_PROJECT_VERSION = 1;
				DEVELOPMENT_TEAM = W3N523VDD8;
				GENERATE_INFOPLIST_FILE = YES;
				INFOPLIST_FILE = FacebookAdsTest/Info.plist;
				INFOPLIST_KEY_UIApplicationSupportsIndirectInputEvents = YES;
				INFOPLIST_KEY_UILaunchStoryboardName = LaunchScreen;
				INFOPLIST_KEY_UIMainStoryboardFile = Main;
				INFOPLIST_KEY_UISupportedInterfaceOrientations_iPad = "UIInterfaceOrientationPortrait UIInterfaceOrientationPortraitUpsideDown UIInterfaceOrientationLandscapeLeft UIInterfaceOrientationLandscapeRight";
				INFOPLIST_KEY_UISupportedInterfaceOrientations_iPhone = "UIInterfaceOrientationPortrait UIInterfaceOrientationLandscapeLeft UIInterfaceOrientationLandscapeRight";
				LD_RUNPATH_SEARCH_PATHS = (
					"$(inherited)",
					"@executable_path/Frameworks",
				);
				MARKETING_VERSION = 1.0;
				PRODUCT_BUNDLE_IDENTIFIER = com.jbas.myapp.FacebookAdsTest;
				PRODUCT_NAME = "$(TARGET_NAME)";
				SWIFT_EMIT_LOC_STRINGS = YES;
				SWIFT_VERSION = 5.0;
				TARGETED_DEVICE_FAMILY = "1,2";
			};
			name = Release;
		};
/* End XCBuildConfiguration section */

/* Begin XCConfigurationList section */
		EE2DD8D7285C768C00023116 /* Build configuration list for PBXProject "FacebookAdsTest" */ = {
			isa = XCConfigurationList;
			buildConfigurations = (
				EE2DD8EE285C768D00023116 /* Debug */,
				EE2DD8EF285C768D00023116 /* Release */,
			);
			defaultConfigurationIsVisible = 0;
			defaultConfigurationName = Release;
		};
		EE2DD8F0285C768D00023116 /* Build configuration list for PBXNativeTarget "FacebookAdsTest" */ = {
			isa = XCConfigurationList;
			buildConfigurations = (
				EE2DD8F1285C768D00023116 /* Debug */,
				EE2DD8F2285C768D00023116 /* Release */,
			);
			defaultConfigurationIsVisible = 0;
			defaultConfigurationName = Release;
		};
/* End XCConfigurationList section */
	};
	rootObject = EE2DD8D4285C768C00023116 /* Project object */;
}
