// !$*UTF8*$!
{
	archiveVersion = 1;
	classes = {
	};
	objectVersion = 55;
	objects = {

/* Begin PBXBuildFile section */
		EE851548282304E000D8CC16 /* AppDelegate.swift in Sources */ = {isa = PBXBuildFile; fileRef = EE851547282304E000D8CC16 /* AppDelegate.swift */; };
		EE85154A282304E000D8CC16 /* SceneDelegate.swift in Sources */ = {isa = PBXBuildFile; fileRef = EE851549282304E000D8CC16 /* SceneDelegate.swift */; };
		EE85154C282304E000D8CC16 /* ViewController.swift in Sources */ = {isa = PBXBuildFile; fileRef = EE85154B282304E000D8CC16 /* ViewController.swift */; };
		EE85154F282304E000D8CC16 /* Main.storyboard in Resources */ = {isa = PBXBuildFile; fileRef = EE85154D282304E000D8CC16 /* Main.storyboard */; };
		EE851552282304E000D8CC16 /* TemplatesApp.xcdatamodeld in Sources */ = {isa = PBXBuildFile; fileRef = EE851550282304E000D8CC16 /* TemplatesApp.xcdatamodeld */; };
		EE851554282304E100D8CC16 /* Assets.xcassets in Resources */ = {isa = PBXBuildFile; fileRef = EE851553282304E100D8CC16 /* Assets.xcassets */; };
		EE851557282304E100D8CC16 /* LaunchScreen.storyboard in Resources */ = {isa = PBXBuildFile; fileRef = EE851555282304E100D8CC16 /* LaunchScreen.storyboard */; };
		EE8515652823056200D8CC16 /* IModel.swift in Sources */ = {isa = PBXBuildFile; fileRef = EE8515642823056200D8CC16 /* IModel.swift */; };
		EE8515672823057200D8CC16 /* String.swift in Sources */ = {isa = PBXBuildFile; fileRef = EE8515662823057200D8CC16 /* String.swift */; };
		EE8515692823059500D8CC16 /* HTTPStatusCode.swift in Sources */ = {isa = PBXBuildFile; fileRef = EE8515682823059500D8CC16 /* HTTPStatusCode.swift */; };
		EE85156B282305B200D8CC16 /* HTTPMethod.swift in Sources */ = {isa = PBXBuildFile; fileRef = EE85156A282305B200D8CC16 /* HTTPMethod.swift */; };
		EE85156D282305D700D8CC16 /* Request.swift in Sources */ = {isa = PBXBuildFile; fileRef = EE85156C282305D700D8CC16 /* Request.swift */; };
		EE85156F282305F900D8CC16 /* HeaderKey.swift in Sources */ = {isa = PBXBuildFile; fileRef = EE85156E282305F900D8CC16 /* HeaderKey.swift */; };
		EE8515712823065300D8CC16 /* HTTPClient.swift in Sources */ = {isa = PBXBuildFile; fileRef = EE8515702823065300D8CC16 /* HTTPClient.swift */; };
		EE8515732823066400D8CC16 /* ErrorResponse.swift in Sources */ = {isa = PBXBuildFile; fileRef = EE8515722823066400D8CC16 /* ErrorResponse.swift */; };
		EE851575282306DF00D8CC16 /* Closures.swift in Sources */ = {isa = PBXBuildFile; fileRef = EE851574282306DF00D8CC16 /* Closures.swift */; };
/* End PBXBuildFile section */

/* Begin PBXFileReference section */
		EE851544282304E000D8CC16 /* TemplatesApp.app */ = {isa = PBXFileReference; explicitFileType = wrapper.application; includeInIndex = 0; path = TemplatesApp.app; sourceTree = BUILT_PRODUCTS_DIR; };
		EE851547282304E000D8CC16 /* AppDelegate.swift */ = {isa = PBXFileReference; lastKnownFileType = sourcecode.swift; path = AppDelegate.swift; sourceTree = "<group>"; };
		EE851549282304E000D8CC16 /* SceneDelegate.swift */ = {isa = PBXFileReference; lastKnownFileType = sourcecode.swift; path = SceneDelegate.swift; sourceTree = "<group>"; };
		EE85154B282304E000D8CC16 /* ViewController.swift */ = {isa = PBXFileReference; lastKnownFileType = sourcecode.swift; path = ViewController.swift; sourceTree = "<group>"; };
		EE85154E282304E000D8CC16 /* Base */ = {isa = PBXFileReference; lastKnownFileType = file.storyboard; name = Base; path = Base.lproj/Main.storyboard; sourceTree = "<group>"; };
		EE851551282304E000D8CC16 /* TemplatesApp.xcdatamodel */ = {isa = PBXFileReference; lastKnownFileType = wrapper.xcdatamodel; path = TemplatesApp.xcdatamodel; sourceTree = "<group>"; };
		EE851553282304E100D8CC16 /* Assets.xcassets */ = {isa = PBXFileReference; lastKnownFileType = folder.assetcatalog; path = Assets.xcassets; sourceTree = "<group>"; };
		EE851556282304E100D8CC16 /* Base */ = {isa = PBXFileReference; lastKnownFileType = file.storyboard; name = Base; path = Base.lproj/LaunchScreen.storyboard; sourceTree = "<group>"; };
		EE851558282304E100D8CC16 /* Info.plist */ = {isa = PBXFileReference; lastKnownFileType = text.plist.xml; path = Info.plist; sourceTree = "<group>"; };
		EE8515642823056200D8CC16 /* IModel.swift */ = {isa = PBXFileReference; lastKnownFileType = sourcecode.swift; path = IModel.swift; sourceTree = "<group>"; };
		EE8515662823057200D8CC16 /* String.swift */ = {isa = PBXFileReference; lastKnownFileType = sourcecode.swift; path = String.swift; sourceTree = "<group>"; };
		EE8515682823059500D8CC16 /* HTTPStatusCode.swift */ = {isa = PBXFileReference; lastKnownFileType = sourcecode.swift; path = HTTPStatusCode.swift; sourceTree = "<group>"; };
		EE85156A282305B200D8CC16 /* HTTPMethod.swift */ = {isa = PBXFileReference; lastKnownFileType = sourcecode.swift; path = HTTPMethod.swift; sourceTree = "<group>"; };
		EE85156C282305D700D8CC16 /* Request.swift */ = {isa = PBXFileReference; lastKnownFileType = sourcecode.swift; path = Request.swift; sourceTree = "<group>"; };
		EE85156E282305F900D8CC16 /* HeaderKey.swift */ = {isa = PBXFileReference; lastKnownFileType = sourcecode.swift; path = HeaderKey.swift; sourceTree = "<group>"; };
		EE8515702823065300D8CC16 /* HTTPClient.swift */ = {isa = PBXFileReference; lastKnownFileType = sourcecode.swift; path = HTTPClient.swift; sourceTree = "<group>"; };
		EE8515722823066400D8CC16 /* ErrorResponse.swift */ = {isa = PBXFileReference; lastKnownFileType = sourcecode.swift; path = ErrorResponse.swift; sourceTree = "<group>"; };
		EE851574282306DF00D8CC16 /* Closures.swift */ = {isa = PBXFileReference; lastKnownFileType = sourcecode.swift; path = Closures.swift; sourceTree = "<group>"; };
/* End PBXFileReference section */

/* Begin PBXFrameworksBuildPhase section */
		EE851541282304E000D8CC16 /* Frameworks */ = {
			isa = PBXFrameworksBuildPhase;
			buildActionMask = 2147483647;
			files = (
			);
			runOnlyForDeploymentPostprocessing = 0;
		};
/* End PBXFrameworksBuildPhase section */

/* Begin PBXGroup section */
		EE85153B282304E000D8CC16 = {
			isa = PBXGroup;
			children = (
				EE851546282304E000D8CC16 /* TemplatesApp */,
				EE851545282304E000D8CC16 /* Products */,
			);
			sourceTree = "<group>";
		};
		EE851545282304E000D8CC16 /* Products */ = {
			isa = PBXGroup;
			children = (
				EE851544282304E000D8CC16 /* TemplatesApp.app */,
			);
			name = Products;
			sourceTree = "<group>";
		};
		EE851546282304E000D8CC16 /* TemplatesApp */ = {
			isa = PBXGroup;
			children = (
				EE8515632823052D00D8CC16 /* Extensions */,
				EE8515622823052300D8CC16 /* Navigation */,
				EE85155F2823050E00D8CC16 /* Network */,
				EE85155E282304E800D8CC16 /* AppDefaults */,
				EE851558282304E100D8CC16 /* Info.plist */,
				EE851550282304E000D8CC16 /* TemplatesApp.xcdatamodeld */,
			);
			path = TemplatesApp;
			sourceTree = "<group>";
		};
		EE85155E282304E800D8CC16 /* AppDefaults */ = {
			isa = PBXGroup;
			children = (
				EE851547282304E000D8CC16 /* AppDelegate.swift */,
				EE851549282304E000D8CC16 /* SceneDelegate.swift */,
				EE85154B282304E000D8CC16 /* ViewController.swift */,
				EE85154D282304E000D8CC16 /* Main.storyboard */,
				EE851553282304E100D8CC16 /* Assets.xcassets */,
				EE851555282304E100D8CC16 /* LaunchScreen.storyboard */,
			);
			path = AppDefaults;
			sourceTree = "<group>";
		};
		EE85155F2823050E00D8CC16 /* Network */ = {
			isa = PBXGroup;
			children = (
				EE8515722823066400D8CC16 /* ErrorResponse.swift */,
				EE85156C282305D700D8CC16 /* Request.swift */,
				EE851574282306DF00D8CC16 /* Closures.swift */,
				EE8515642823056200D8CC16 /* IModel.swift */,
				EE85156E282305F900D8CC16 /* HeaderKey.swift */,
				EE8515702823065300D8CC16 /* HTTPClient.swift */,
				EE85156A282305B200D8CC16 /* HTTPMethod.swift */,
				EE8515682823059500D8CC16 /* HTTPStatusCode.swift */,
			);
			path = Network;
			sourceTree = "<group>";
		};
		EE8515622823052300D8CC16 /* Navigation */ = {
			isa = PBXGroup;
			children = (
			);
			path = Navigation;
			sourceTree = "<group>";
		};
		EE8515632823052D00D8CC16 /* Extensions */ = {
			isa = PBXGroup;
			children = (
				EE8515662823057200D8CC16 /* String.swift */,
			);
			path = Extensions;
			sourceTree = "<group>";
		};
/* End PBXGroup section */

/* Begin PBXNativeTarget section */
		EE851543282304E000D8CC16 /* TemplatesApp */ = {
			isa = PBXNativeTarget;
			buildConfigurationList = EE85155B282304E100D8CC16 /* Build configuration list for PBXNativeTarget "TemplatesApp" */;
			buildPhases = (
				EE851540282304E000D8CC16 /* Sources */,
				EE851541282304E000D8CC16 /* Frameworks */,
				EE851542282304E000D8CC16 /* Resources */,
			);
			buildRules = (
			);
			dependencies = (
			);
			name = TemplatesApp;
			productName = TemplatesApp;
			productReference = EE851544282304E000D8CC16 /* TemplatesApp.app */;
			productType = "com.apple.product-type.application";
		};
/* End PBXNativeTarget section */

/* Begin PBXProject section */
		EE85153C282304E000D8CC16 /* Project object */ = {
			isa = PBXProject;
			attributes = {
				BuildIndependentTargetsInParallel = 1;
				LastSwiftUpdateCheck = 1330;
				LastUpgradeCheck = 1330;
				TargetAttributes = {
					EE851543282304E000D8CC16 = {
						CreatedOnToolsVersion = 13.3.1;
					};
				};
			};
			buildConfigurationList = EE85153F282304E000D8CC16 /* Build configuration list for PBXProject "TemplatesApp" */;
			compatibilityVersion = "Xcode 13.0";
			developmentRegion = en;
			hasScannedForEncodings = 0;
			knownRegions = (
				en,
				Base,
			);
			mainGroup = EE85153B282304E000D8CC16;
			productRefGroup = EE851545282304E000D8CC16 /* Products */;
			projectDirPath = "";
			projectRoot = "";
			targets = (
				EE851543282304E000D8CC16 /* TemplatesApp */,
			);
		};
/* End PBXProject section */

/* Begin PBXResourcesBuildPhase section */
		EE851542282304E000D8CC16 /* Resources */ = {
			isa = PBXResourcesBuildPhase;
			buildActionMask = 2147483647;
			files = (
				EE851557282304E100D8CC16 /* LaunchScreen.storyboard in Resources */,
				EE851554282304E100D8CC16 /* Assets.xcassets in Resources */,
				EE85154F282304E000D8CC16 /* Main.storyboard in Resources */,
			);
			runOnlyForDeploymentPostprocessing = 0;
		};
/* End PBXResourcesBuildPhase section */

/* Begin PBXSourcesBuildPhase section */
		EE851540282304E000D8CC16 /* Sources */ = {
			isa = PBXSourcesBuildPhase;
			buildActionMask = 2147483647;
			files = (
				EE8515692823059500D8CC16 /* HTTPStatusCode.swift in Sources */,
				EE8515672823057200D8CC16 /* String.swift in Sources */,
				EE8515652823056200D8CC16 /* IModel.swift in Sources */,
				EE8515732823066400D8CC16 /* ErrorResponse.swift in Sources */,
				EE85154C282304E000D8CC16 /* ViewController.swift in Sources */,
				EE85156F282305F900D8CC16 /* HeaderKey.swift in Sources */,
				EE851575282306DF00D8CC16 /* Closures.swift in Sources */,
				EE85156B282305B200D8CC16 /* HTTPMethod.swift in Sources */,
				EE8515712823065300D8CC16 /* HTTPClient.swift in Sources */,
				EE851552282304E000D8CC16 /* TemplatesApp.xcdatamodeld in Sources */,
				EE851548282304E000D8CC16 /* AppDelegate.swift in Sources */,
				EE85156D282305D700D8CC16 /* Request.swift in Sources */,
				EE85154A282304E000D8CC16 /* SceneDelegate.swift in Sources */,
			);
			runOnlyForDeploymentPostprocessing = 0;
		};
/* End PBXSourcesBuildPhase section */

/* Begin PBXVariantGroup section */
		EE85154D282304E000D8CC16 /* Main.storyboard */ = {
			isa = PBXVariantGroup;
			children = (
				EE85154E282304E000D8CC16 /* Base */,
			);
			name = Main.storyboard;
			sourceTree = "<group>";
		};
		EE851555282304E100D8CC16 /* LaunchScreen.storyboard */ = {
			isa = PBXVariantGroup;
			children = (
				EE851556282304E100D8CC16 /* Base */,
			);
			name = LaunchScreen.storyboard;
			sourceTree = "<group>";
		};
/* End PBXVariantGroup section */

/* Begin XCBuildConfiguration section */
		EE851559282304E100D8CC16 /* Debug */ = {
			isa = XCBuildConfiguration;
			buildSettings = {
				ALWAYS_SEARCH_USER_PATHS = NO;
				CLANG_ANALYZER_NONNULL = YES;
				CLANG_ANALYZER_NUMBER_OBJECT_CONVERSION = YES_AGGRESSIVE;
				CLANG_CXX_LANGUAGE_STANDARD = "gnu++17";
				CLANG_ENABLE_MODULES = YES;
				CLANG_ENABLE_OBJC_ARC = YES;
				CLANG_ENABLE_OBJC_WEAK = YES;
				CLANG_WARN_BLOCK_CAPTURE_AUTORELEASING = YES;
				CLANG_WARN_BOOL_CONVERSION = YES;
				CLANG_WARN_COMMA = YES;
				CLANG_WARN_CONSTANT_CONVERSION = YES;
				CLANG_WARN_DEPRECATED_OBJC_IMPLEMENTATIONS = YES;
				CLANG_WARN_DIRECT_OBJC_ISA_USAGE = YES_ERROR;
				CLANG_WARN_DOCUMENTATION_COMMENTS = YES;
				CLANG_WARN_EMPTY_BODY = YES;
				CLANG_WARN_ENUM_CONVERSION = YES;
				CLANG_WARN_INFINITE_RECURSION = YES;
				CLANG_WARN_INT_CONVERSION = YES;
				CLANG_WARN_NON_LITERAL_NULL_CONVERSION = YES;
				CLANG_WARN_OBJC_IMPLICIT_RETAIN_SELF = YES;
				CLANG_WARN_OBJC_LITERAL_CONVERSION = YES;
				CLANG_WARN_OBJC_ROOT_CLASS = YES_ERROR;
				CLANG_WARN_QUOTED_INCLUDE_IN_FRAMEWORK_HEADER = YES;
				CLANG_WARN_RANGE_LOOP_ANALYSIS = YES;
				CLANG_WARN_STRICT_PROTOTYPES = YES;
				CLANG_WARN_SUSPICIOUS_MOVE = YES;
				CLANG_WARN_UNGUARDED_AVAILABILITY = YES_AGGRESSIVE;
				CLANG_WARN_UNREACHABLE_CODE = YES;
				CLANG_WARN__DUPLICATE_METHOD_MATCH = YES;
				COPY_PHASE_STRIP = NO;
				DEBUG_INFORMATION_FORMAT = dwarf;
				ENABLE_STRICT_OBJC_MSGSEND = YES;
				ENABLE_TESTABILITY = YES;
				GCC_C_LANGUAGE_STANDARD = gnu11;
				GCC_DYNAMIC_NO_PIC = NO;
				GCC_NO_COMMON_BLOCKS = YES;
				GCC_OPTIMIZATION_LEVEL = 0;
				GCC_PREPROCESSOR_DEFINITIONS = (
					"DEBUG=1",
					"$(inherited)",
				);
				GCC_WARN_64_TO_32_BIT_CONVERSION = YES;
				GCC_WARN_ABOUT_RETURN_TYPE = YES_ERROR;
				GCC_WARN_UNDECLARED_SELECTOR = YES;
				GCC_WARN_UNINITIALIZED_AUTOS = YES_AGGRESSIVE;
				GCC_WARN_UNUSED_FUNCTION = YES;
				GCC_WARN_UNUSED_VARIABLE = YES;
				IPHONEOS_DEPLOYMENT_TARGET = 15.4;
				MTL_ENABLE_DEBUG_INFO = INCLUDE_SOURCE;
				MTL_FAST_MATH = YES;
				ONLY_ACTIVE_ARCH = YES;
				SDKROOT = iphoneos;
				SWIFT_ACTIVE_COMPILATION_CONDITIONS = DEBUG;
				SWIFT_OPTIMIZATION_LEVEL = "-Onone";
			};
			name = Debug;
		};
		EE85155A282304E100D8CC16 /* Release */ = {
			isa = XCBuildConfiguration;
			buildSettings = {
				ALWAYS_SEARCH_USER_PATHS = NO;
				CLANG_ANALYZER_NONNULL = YES;
				CLANG_ANALYZER_NUMBER_OBJECT_CONVERSION = YES_AGGRESSIVE;
				CLANG_CXX_LANGUAGE_STANDARD = "gnu++17";
				CLANG_ENABLE_MODULES = YES;
				CLANG_ENABLE_OBJC_ARC = YES;
				CLANG_ENABLE_OBJC_WEAK = YES;
				CLANG_WARN_BLOCK_CAPTURE_AUTORELEASING = YES;
				CLANG_WARN_BOOL_CONVERSION = YES;
				CLANG_WARN_COMMA = YES;
				CLANG_WARN_CONSTANT_CONVERSION = YES;
				CLANG_WARN_DEPRECATED_OBJC_IMPLEMENTATIONS = YES;
				CLANG_WARN_DIRECT_OBJC_ISA_USAGE = YES_ERROR;
				CLANG_WARN_DOCUMENTATION_COMMENTS = YES;
				CLANG_WARN_EMPTY_BODY = YES;
				CLANG_WARN_ENUM_CONVERSION = YES;
				CLANG_WARN_INFINITE_RECURSION = YES;
				CLANG_WARN_INT_CONVERSION = YES;
				CLANG_WARN_NON_LITERAL_NULL_CONVERSION = YES;
				CLANG_WARN_OBJC_IMPLICIT_RETAIN_SELF = YES;
				CLANG_WARN_OBJC_LITERAL_CONVERSION = YES;
				CLANG_WARN_OBJC_ROOT_CLASS = YES_ERROR;
				CLANG_WARN_QUOTED_INCLUDE_IN_FRAMEWORK_HEADER = YES;
				CLANG_WARN_RANGE_LOOP_ANALYSIS = YES;
				CLANG_WARN_STRICT_PROTOTYPES = YES;
				CLANG_WARN_SUSPICIOUS_MOVE = YES;
				CLANG_WARN_UNGUARDED_AVAILABILITY = YES_AGGRESSIVE;
				CLANG_WARN_UNREACHABLE_CODE = YES;
				CLANG_WARN__DUPLICATE_METHOD_MATCH = YES;
				COPY_PHASE_STRIP = NO;
				DEBUG_INFORMATION_FORMAT = "dwarf-with-dsym";
				ENABLE_NS_ASSERTIONS = NO;
				ENABLE_STRICT_OBJC_MSGSEND = YES;
				GCC_C_LANGUAGE_STANDARD = gnu11;
				GCC_NO_COMMON_BLOCKS = YES;
				GCC_WARN_64_TO_32_BIT_CONVERSION = YES;
				GCC_WARN_ABOUT_RETURN_TYPE = YES_ERROR;
				GCC_WARN_UNDECLARED_SELECTOR = YES;
				GCC_WARN_UNINITIALIZED_AUTOS = YES_AGGRESSIVE;
				GCC_WARN_UNUSED_FUNCTION = YES;
				GCC_WARN_UNUSED_VARIABLE = YES;
				IPHONEOS_DEPLOYMENT_TARGET = 15.4;
				MTL_ENABLE_DEBUG_INFO = NO;
				MTL_FAST_MATH = YES;
				SDKROOT = iphoneos;
				SWIFT_COMPILATION_MODE = wholemodule;
				SWIFT_OPTIMIZATION_LEVEL = "-O";
				VALIDATE_PRODUCT = YES;
			};
			name = Release;
		};
		EE85155C282304E100D8CC16 /* Debug */ = {
			isa = XCBuildConfiguration;
			buildSettings = {
				ASSETCATALOG_COMPILER_APPICON_NAME = AppIcon;
				ASSETCATALOG_COMPILER_GLOBAL_ACCENT_COLOR_NAME = AccentColor;
				CODE_SIGN_STYLE = Automatic;
				CURRENT_PROJECT_VERSION = 1;
				DEVELOPMENT_TEAM = W3N523VDD8;
				GENERATE_INFOPLIST_FILE = YES;
				INFOPLIST_FILE = TemplatesApp/Info.plist;
				INFOPLIST_KEY_UIApplicationSupportsIndirectInputEvents = YES;
				INFOPLIST_KEY_UILaunchStoryboardName = LaunchScreen;
				INFOPLIST_KEY_UIMainStoryboardFile = Main;
				INFOPLIST_KEY_UISupportedInterfaceOrientations_iPad = "UIInterfaceOrientationPortrait UIInterfaceOrientationPortraitUpsideDown UIInterfaceOrientationLandscapeLeft UIInterfaceOrientationLandscapeRight";
				INFOPLIST_KEY_UISupportedInterfaceOrientations_iPhone = "UIInterfaceOrientationPortrait UIInterfaceOrientationLandscapeLeft UIInterfaceOrientationLandscapeRight";
				LD_RUNPATH_SEARCH_PATHS = (
					"$(inherited)",
					"@executable_path/Frameworks",
				);
				MARKETING_VERSION = 1.0;
				PRODUCT_BUNDLE_IDENTIFIER = com.jbas.myapp.TemplatesApp;
				PRODUCT_NAME = "$(TARGET_NAME)";
				SWIFT_EMIT_LOC_STRINGS = YES;
				SWIFT_VERSION = 5.0;
				TARGETED_DEVICE_FAMILY = "1,2";
			};
			name = Debug;
		};
		EE85155D282304E100D8CC16 /* Release */ = {
			isa = XCBuildConfiguration;
			buildSettings = {
				ASSETCATALOG_COMPILER_APPICON_NAME = AppIcon;
				ASSETCATALOG_COMPILER_GLOBAL_ACCENT_COLOR_NAME = AccentColor;
				CODE_SIGN_STYLE = Automatic;
				CURRENT_PROJECT_VERSION = 1;
				DEVELOPMENT_TEAM = W3N523VDD8;
				GENERATE_INFOPLIST_FILE = YES;
				INFOPLIST_FILE = TemplatesApp/Info.plist;
				INFOPLIST_KEY_UIApplicationSupportsIndirectInputEvents = YES;
				INFOPLIST_KEY_UILaunchStoryboardName = LaunchScreen;
				INFOPLIST_KEY_UIMainStoryboardFile = Main;
				INFOPLIST_KEY_UISupportedInterfaceOrientations_iPad = "UIInterfaceOrientationPortrait UIInterfaceOrientationPortraitUpsideDown UIInterfaceOrientationLandscapeLeft UIInterfaceOrientationLandscapeRight";
				INFOPLIST_KEY_UISupportedInterfaceOrientations_iPhone = "UIInterfaceOrientationPortrait UIInterfaceOrientationLandscapeLeft UIInterfaceOrientationLandscapeRight";
				LD_RUNPATH_SEARCH_PATHS = (
					"$(inherited)",
					"@executable_path/Frameworks",
				);
				MARKETING_VERSION = 1.0;
				PRODUCT_BUNDLE_IDENTIFIER = com.jbas.myapp.TemplatesApp;
				PRODUCT_NAME = "$(TARGET_NAME)";
				SWIFT_EMIT_LOC_STRINGS = YES;
				SWIFT_VERSION = 5.0;
				TARGETED_DEVICE_FAMILY = "1,2";
			};
			name = Release;
		};
/* End XCBuildConfiguration section */

/* Begin XCConfigurationList section */
		EE85153F282304E000D8CC16 /* Build configuration list for PBXProject "TemplatesApp" */ = {
			isa = XCConfigurationList;
			buildConfigurations = (
				EE851559282304E100D8CC16 /* Debug */,
				EE85155A282304E100D8CC16 /* Release */,
			);
			defaultConfigurationIsVisible = 0;
			defaultConfigurationName = Release;
		};
		EE85155B282304E100D8CC16 /* Build configuration list for PBXNativeTarget "TemplatesApp" */ = {
			isa = XCConfigurationList;
			buildConfigurations = (
				EE85155C282304E100D8CC16 /* Debug */,
				EE85155D282304E100D8CC16 /* Release */,
			);
			defaultConfigurationIsVisible = 0;
			defaultConfigurationName = Release;
		};
/* End XCConfigurationList section */

/* Begin XCVersionGroup section */
		EE851550282304E000D8CC16 /* TemplatesApp.xcdatamodeld */ = {
			isa = XCVersionGroup;
			children = (
				EE851551282304E000D8CC16 /* TemplatesApp.xcdatamodel */,
			);
			currentVersion = EE851551282304E000D8CC16 /* TemplatesApp.xcdatamodel */;
			path = TemplatesApp.xcdatamodeld;
			sourceTree = "<group>";
			versionGroupType = wrapper.xcdatamodel;
		};
/* End XCVersionGroup section */
	};
	rootObject = EE85153C282304E000D8CC16 /* Project object */;
}
