// !$*UTF8*$!
{
	archiveVersion = 1;
	classes = {
	};
	objectVersion = 55;
	objects = {

/* Begin PBXBuildFile section */
		9655F9A427440AC500B25E48 /* FeaturedItem.swift in Sources */ = {isa = PBXBuildFile; fileRef = 9655F9A327440AC500B25E48 /* FeaturedItem.swift */; };
		9655F9A62744154700B25E48 /* NavigationBar.swift in Sources */ = {isa = PBXBuildFile; fileRef = 9655F9A52744154700B25E48 /* NavigationBar.swift */; };
		965D0A60273C2AED00158A7A /* HomeView.swift in Sources */ = {isa = PBXBuildFile; fileRef = 965D0A5F273C2AED00158A7A /* HomeView.swift */; };
		9663E8DE27204D8C00B0DF27 /* Styles.swift in Sources */ = {isa = PBXBuildFile; fileRef = 9663E8DD27204D8C00B0DF27 /* Styles.swift */; };
		9663E8E027206AF200B0DF27 /* AccountView.swift in Sources */ = {isa = PBXBuildFile; fileRef = 9663E8DF27206AF200B0DF27 /* AccountView.swift */; };
		9688F90B273552F1001C5661 /* TabBar.swift in Sources */ = {isa = PBXBuildFile; fileRef = 9688F90A273552F1001C5661 /* TabBar.swift */; };
		9688F90D27355C93001C5661 /* Tab.swift in Sources */ = {isa = PBXBuildFile; fileRef = 9688F90C27355C93001C5661 /* Tab.swift */; };
		969A7F0B2733317600D3F594 /* HexagonView.swift in Sources */ = {isa = PBXBuildFile; fileRef = 969A7F0A2733317600D3F594 /* HexagonView.swift */; };
		969A7F0D273331F200D3F594 /* BlobView.swift in Sources */ = {isa = PBXBuildFile; fileRef = 969A7F0C273331F200D3F594 /* BlobView.swift */; };
		96AA68832745ACA8006D3A7C /* ScrollDetectionView.swift in Sources */ = {isa = PBXBuildFile; fileRef = 96AA68822745ACA8006D3A7C /* ScrollDetectionView.swift */; };
		96AA68852745B139006D3A7C /* PreferenceKeys.swift in Sources */ = {isa = PBXBuildFile; fileRef = 96AA68842745B139006D3A7C /* PreferenceKeys.swift */; };
		96AA68872745C178006D3A7C /* Animations.swift in Sources */ = {isa = PBXBuildFile; fileRef = 96AA68862745C178006D3A7C /* Animations.swift */; };
		96C9A2CF2718864400EF979D /* DesignCodeiOS15App.swift in Sources */ = {isa = PBXBuildFile; fileRef = 96C9A2CE2718864400EF979D /* DesignCodeiOS15App.swift */; };
		96C9A2D12718864400EF979D /* ContentView.swift in Sources */ = {isa = PBXBuildFile; fileRef = 96C9A2D02718864400EF979D /* ContentView.swift */; };
		96C9A2D32718864700EF979D /* Assets.xcassets in Resources */ = {isa = PBXBuildFile; fileRef = 96C9A2D22718864700EF979D /* Assets.xcassets */; };
		96C9A2D62718864700EF979D /* Preview Assets.xcassets in Resources */ = {isa = PBXBuildFile; fileRef = 96C9A2D52718864700EF979D /* Preview Assets.xcassets */; };
/* End PBXBuildFile section */

/* Begin PBXFileReference section */
		9655F9A327440AC500B25E48 /* FeaturedItem.swift */ = {isa = PBXFileReference; lastKnownFileType = sourcecode.swift; path = FeaturedItem.swift; sourceTree = "<group>"; };
		9655F9A52744154700B25E48 /* NavigationBar.swift */ = {isa = PBXFileReference; lastKnownFileType = sourcecode.swift; path = NavigationBar.swift; sourceTree = "<group>"; };
		965D0A5F273C2AED00158A7A /* HomeView.swift */ = {isa = PBXFileReference; lastKnownFileType = sourcecode.swift; path = HomeView.swift; sourceTree = "<group>"; };
		9663E8DD27204D8C00B0DF27 /* Styles.swift */ = {isa = PBXFileReference; lastKnownFileType = sourcecode.swift; path = Styles.swift; sourceTree = "<group>"; };
		9663E8DF27206AF200B0DF27 /* AccountView.swift */ = {isa = PBXFileReference; lastKnownFileType = sourcecode.swift; path = AccountView.swift; sourceTree = "<group>"; };
		9688F90A273552F1001C5661 /* TabBar.swift */ = {isa = PBXFileReference; lastKnownFileType = sourcecode.swift; path = TabBar.swift; sourceTree = "<group>"; };
		9688F90C27355C93001C5661 /* Tab.swift */ = {isa = PBXFileReference; lastKnownFileType = sourcecode.swift; path = Tab.swift; sourceTree = "<group>"; };
		969A7F0A2733317600D3F594 /* HexagonView.swift */ = {isa = PBXFileReference; lastKnownFileType = sourcecode.swift; path = HexagonView.swift; sourceTree = "<group>"; };
		969A7F0C273331F200D3F594 /* BlobView.swift */ = {isa = PBXFileReference; lastKnownFileType = sourcecode.swift; path = BlobView.swift; sourceTree = "<group>"; };
		96AA68822745ACA8006D3A7C /* ScrollDetectionView.swift */ = {isa = PBXFileReference; lastKnownFileType = sourcecode.swift; path = ScrollDetectionView.swift; sourceTree = "<group>"; };
		96AA68842745B139006D3A7C /* PreferenceKeys.swift */ = {isa = PBXFileReference; lastKnownFileType = sourcecode.swift; path = PreferenceKeys.swift; sourceTree = "<group>"; };
		96AA68862745C178006D3A7C /* Animations.swift */ = {isa = PBXFileReference; lastKnownFileType = sourcecode.swift; path = Animations.swift; sourceTree = "<group>"; };
		96C9A2CB2718864400EF979D /* DesignCode.app */ = {isa = PBXFileReference; explicitFileType = wrapper.application; includeInIndex = 0; path = DesignCode.app; sourceTree = BUILT_PRODUCTS_DIR; };
		96C9A2CE2718864400EF979D /* DesignCodeiOS15App.swift */ = {isa = PBXFileReference; lastKnownFileType = sourcecode.swift; path = DesignCodeiOS15App.swift; sourceTree = "<group>"; };
		96C9A2D02718864400EF979D /* ContentView.swift */ = {isa = PBXFileReference; lastKnownFileType = sourcecode.swift; path = ContentView.swift; sourceTree = "<group>"; };
		96C9A2D22718864700EF979D /* Assets.xcassets */ = {isa = PBXFileReference; lastKnownFileType = folder.assetcatalog; path = Assets.xcassets; sourceTree = "<group>"; };
		96C9A2D52718864700EF979D /* Preview Assets.xcassets */ = {isa = PBXFileReference; lastKnownFileType = folder.assetcatalog; path = "Preview Assets.xcassets"; sourceTree = "<group>"; };
/* End PBXFileReference section */

/* Begin PBXFrameworksBuildPhase section */
		96C9A2C82718864400EF979D /* Frameworks */ = {
			isa = PBXFrameworksBuildPhase;
			buildActionMask = 2147483647;
			files = (
			);
			runOnlyForDeploymentPostprocessing = 0;
		};
/* End PBXFrameworksBuildPhase section */

/* Begin PBXGroup section */
		965D0A61273C30AC00158A7A /* Navigation */ = {
			isa = PBXGroup;
			children = (
				96C9A2D02718864400EF979D /* ContentView.swift */,
				9688F90A273552F1001C5661 /* TabBar.swift */,
				9655F9A52744154700B25E48 /* NavigationBar.swift */,
			);
			path = Navigation;
			sourceTree = "<group>";
		};
		965D0A62273C30C800158A7A /* Views */ = {
			isa = PBXGroup;
			children = (
				965D0A5F273C2AED00158A7A /* HomeView.swift */,
				9663E8DF27206AF200B0DF27 /* AccountView.swift */,
			);
			path = Views;
			sourceTree = "<group>";
		};
		965D0A63273C30E500158A7A /* Components */ = {
			isa = PBXGroup;
			children = (
				969A7F0A2733317600D3F594 /* HexagonView.swift */,
				9655F9A327440AC500B25E48 /* FeaturedItem.swift */,
				969A7F0C273331F200D3F594 /* BlobView.swift */,
				96AA68822745ACA8006D3A7C /* ScrollDetectionView.swift */,
			);
			path = Components;
			sourceTree = "<group>";
		};
		965D0A64273C30F600158A7A /* Model */ = {
			isa = PBXGroup;
			children = (
				9688F90C27355C93001C5661 /* Tab.swift */,
				96AA68842745B139006D3A7C /* PreferenceKeys.swift */,
			);
			path = Model;
			sourceTree = "<group>";
		};
		965D0A65273C312800158A7A /* Styles */ = {
			isa = PBXGroup;
			children = (
				9663E8DD27204D8C00B0DF27 /* Styles.swift */,
				96AA68862745C178006D3A7C /* Animations.swift */,
			);
			path = Styles;
			sourceTree = "<group>";
		};
		96C9A2C22718864400EF979D = {
			isa = PBXGroup;
			children = (
				96C9A2CD2718864400EF979D /* DesignCodeiOS15 */,
				96C9A2CC2718864400EF979D /* Products */,
			);
			sourceTree = "<group>";
		};
		96C9A2CC2718864400EF979D /* Products */ = {
			isa = PBXGroup;
			children = (
				96C9A2CB2718864400EF979D /* DesignCode.app */,
			);
			name = Products;
			sourceTree = "<group>";
		};
		96C9A2CD2718864400EF979D /* DesignCodeiOS15 */ = {
			isa = PBXGroup;
			children = (
				96C9A2CE2718864400EF979D /* DesignCodeiOS15App.swift */,
				965D0A61273C30AC00158A7A /* Navigation */,
				965D0A62273C30C800158A7A /* Views */,
				965D0A63273C30E500158A7A /* Components */,
				965D0A64273C30F600158A7A /* Model */,
				965D0A65273C312800158A7A /* Styles */,
				96C9A2D22718864700EF979D /* Assets.xcassets */,
				96C9A2D42718864700EF979D /* Preview Content */,
			);
			path = DesignCodeiOS15;
			sourceTree = "<group>";
		};
		96C9A2D42718864700EF979D /* Preview Content */ = {
			isa = PBXGroup;
			children = (
				96C9A2D52718864700EF979D /* Preview Assets.xcassets */,
			);
			path = "Preview Content";
			sourceTree = "<group>";
		};
/* End PBXGroup section */

/* Begin PBXNativeTarget section */
		96C9A2CA2718864400EF979D /* DesignCodeiOS15 */ = {
			isa = PBXNativeTarget;
			buildConfigurationList = 96C9A2D92718864700EF979D /* Build configuration list for PBXNativeTarget "DesignCodeiOS15" */;
			buildPhases = (
				96C9A2C72718864400EF979D /* Sources */,
				96C9A2C82718864400EF979D /* Frameworks */,
				96C9A2C92718864400EF979D /* Resources */,
			);
			buildRules = (
			);
			dependencies = (
			);
			name = DesignCodeiOS15;
			productName = DesignCodeiOS15;
			productReference = 96C9A2CB2718864400EF979D /* DesignCode.app */;
			productType = "com.apple.product-type.application";
		};
/* End PBXNativeTarget section */

/* Begin PBXProject section */
		96C9A2C32718864400EF979D /* Project object */ = {
			isa = PBXProject;
			attributes = {
				BuildIndependentTargetsInParallel = 1;
				LastSwiftUpdateCheck = 1300;
				LastUpgradeCheck = 1300;
				TargetAttributes = {
					96C9A2CA2718864400EF979D = {
						CreatedOnToolsVersion = 13.0;
					};
				};
			};
			buildConfigurationList = 96C9A2C62718864400EF979D /* Build configuration list for PBXProject "DesignCodeiOS15" */;
			compatibilityVersion = "Xcode 13.0";
			developmentRegion = en;
			hasScannedForEncodings = 0;
			knownRegions = (
				en,
				Base,
			);
			mainGroup = 96C9A2C22718864400EF979D;
			productRefGroup = 96C9A2CC2718864400EF979D /* Products */;
			projectDirPath = "";
			projectRoot = "";
			targets = (
				96C9A2CA2718864400EF979D /* DesignCodeiOS15 */,
			);
		};
/* End PBXProject section */

/* Begin PBXResourcesBuildPhase section */
		96C9A2C92718864400EF979D /* Resources */ = {
			isa = PBXResourcesBuildPhase;
			buildActionMask = 2147483647;
			files = (
				96C9A2D62718864700EF979D /* Preview Assets.xcassets in Resources */,
				96C9A2D32718864700EF979D /* Assets.xcassets in Resources */,
			);
			runOnlyForDeploymentPostprocessing = 0;
		};
/* End PBXResourcesBuildPhase section */

/* Begin PBXSourcesBuildPhase section */
		96C9A2C72718864400EF979D /* Sources */ = {
			isa = PBXSourcesBuildPhase;
			buildActionMask = 2147483647;
			files = (
				965D0A60273C2AED00158A7A /* HomeView.swift in Sources */,
				9663E8E027206AF200B0DF27 /* AccountView.swift in Sources */,
				969A7F0B2733317600D3F594 /* HexagonView.swift in Sources */,
				9663E8DE27204D8C00B0DF27 /* Styles.swift in Sources */,
				9688F90D27355C93001C5661 /* Tab.swift in Sources */,
				96AA68832745ACA8006D3A7C /* ScrollDetectionView.swift in Sources */,
				96AA68872745C178006D3A7C /* Animations.swift in Sources */,
				9655F9A62744154700B25E48 /* NavigationBar.swift in Sources */,
				969A7F0D273331F200D3F594 /* BlobView.swift in Sources */,
				96C9A2D12718864400EF979D /* ContentView.swift in Sources */,
				96C9A2CF2718864400EF979D /* DesignCodeiOS15App.swift in Sources */,
				9655F9A427440AC500B25E48 /* FeaturedItem.swift in Sources */,
				9688F90B273552F1001C5661 /* TabBar.swift in Sources */,
				96AA68852745B139006D3A7C /* PreferenceKeys.swift in Sources */,
			);
			runOnlyForDeploymentPostprocessing = 0;
		};
/* End PBXSourcesBuildPhase section */

/* Begin XCBuildConfiguration section */
		96C9A2D72718864700EF979D /* Debug */ = {
			isa = XCBuildConfiguration;
			buildSettings = {
				ALWAYS_SEARCH_USER_PATHS = NO;
				CLANG_ANALYZER_NONNULL = YES;
				CLANG_ANALYZER_NUMBER_OBJECT_CONVERSION = YES_AGGRESSIVE;
				CLANG_CXX_LANGUAGE_STANDARD = "gnu++17";
				CLANG_CXX_LIBRARY = "libc++";
				CLANG_ENABLE_MODULES = YES;
				CLANG_ENABLE_OBJC_ARC = YES;
				CLANG_ENABLE_OBJC_WEAK = YES;
				CLANG_WARN_BLOCK_CAPTURE_AUTORELEASING = YES;
				CLANG_WARN_BOOL_CONVERSION = YES;
				CLANG_WARN_COMMA = YES;
				CLANG_WARN_CONSTANT_CONVERSION = YES;
				CLANG_WARN_DEPRECATED_OBJC_IMPLEMENTATIONS = YES;
				CLANG_WARN_DIRECT_OBJC_ISA_USAGE = YES_ERROR;
				CLANG_WARN_DOCUMENTATION_COMMENTS = YES;
				CLANG_WARN_EMPTY_BODY = YES;
				CLANG_WARN_ENUM_CONVERSION = YES;
				CLANG_WARN_INFINITE_RECURSION = YES;
				CLANG_WARN_INT_CONVERSION = YES;
				CLANG_WARN_NON_LITERAL_NULL_CONVERSION = YES;
				CLANG_WARN_OBJC_IMPLICIT_RETAIN_SELF = YES;
				CLANG_WARN_OBJC_LITERAL_CONVERSION = YES;
				CLANG_WARN_OBJC_ROOT_CLASS = YES_ERROR;
				CLANG_WARN_QUOTED_INCLUDE_IN_FRAMEWORK_HEADER = YES;
				CLANG_WARN_RANGE_LOOP_ANALYSIS = YES;
				CLANG_WARN_STRICT_PROTOTYPES = YES;
				CLANG_WARN_SUSPICIOUS_MOVE = YES;
				CLANG_WARN_UNGUARDED_AVAILABILITY = YES_AGGRESSIVE;
				CLANG_WARN_UNREACHABLE_CODE = YES;
				CLANG_WARN__DUPLICATE_METHOD_MATCH = YES;
				COPY_PHASE_STRIP = NO;
				DEBUG_INFORMATION_FORMAT = dwarf;
				ENABLE_STRICT_OBJC_MSGSEND = YES;
				ENABLE_TESTABILITY = YES;
				GCC_C_LANGUAGE_STANDARD = gnu11;
				GCC_DYNAMIC_NO_PIC = NO;
				GCC_NO_COMMON_BLOCKS = YES;
				GCC_OPTIMIZATION_LEVEL = 0;
				GCC_PREPROCESSOR_DEFINITIONS = (
					"DEBUG=1",
					"$(inherited)",
				);
				GCC_WARN_64_TO_32_BIT_CONVERSION = YES;
				GCC_WARN_ABOUT_RETURN_TYPE = YES_ERROR;
				GCC_WARN_UNDECLARED_SELECTOR = YES;
				GCC_WARN_UNINITIALIZED_AUTOS = YES_AGGRESSIVE;
				GCC_WARN_UNUSED_FUNCTION = YES;
				GCC_WARN_UNUSED_VARIABLE = YES;
				IPHONEOS_DEPLOYMENT_TARGET = 15.0;
				MTL_ENABLE_DEBUG_INFO = INCLUDE_SOURCE;
				MTL_FAST_MATH = YES;
				ONLY_ACTIVE_ARCH = YES;
				SDKROOT = iphoneos;
				SWIFT_ACTIVE_COMPILATION_CONDITIONS = DEBUG;
				SWIFT_OPTIMIZATION_LEVEL = "-Onone";
			};
			name = Debug;
		};
		96C9A2D82718864700EF979D /* Release */ = {
			isa = XCBuildConfiguration;
			buildSettings = {
				ALWAYS_SEARCH_USER_PATHS = NO;
				CLANG_ANALYZER_NONNULL = YES;
				CLANG_ANALYZER_NUMBER_OBJECT_CONVERSION = YES_AGGRESSIVE;
				CLANG_CXX_LANGUAGE_STANDARD = "gnu++17";
				CLANG_CXX_LIBRARY = "libc++";
				CLANG_ENABLE_MODULES = YES;
				CLANG_ENABLE_OBJC_ARC = YES;
				CLANG_ENABLE_OBJC_WEAK = YES;
				CLANG_WARN_BLOCK_CAPTURE_AUTORELEASING = YES;
				CLANG_WARN_BOOL_CONVERSION = YES;
				CLANG_WARN_COMMA = YES;
				CLANG_WARN_CONSTANT_CONVERSION = YES;
				CLANG_WARN_DEPRECATED_OBJC_IMPLEMENTATIONS = YES;
				CLANG_WARN_DIRECT_OBJC_ISA_USAGE = YES_ERROR;
				CLANG_WARN_DOCUMENTATION_COMMENTS = YES;
				CLANG_WARN_EMPTY_BODY = YES;
				CLANG_WARN_ENUM_CONVERSION = YES;
				CLANG_WARN_INFINITE_RECURSION = YES;
				CLANG_WARN_INT_CONVERSION = YES;
				CLANG_WARN_NON_LITERAL_NULL_CONVERSION = YES;
				CLANG_WARN_OBJC_IMPLICIT_RETAIN_SELF = YES;
				CLANG_WARN_OBJC_LITERAL_CONVERSION = YES;
				CLANG_WARN_OBJC_ROOT_CLASS = YES_ERROR;
				CLANG_WARN_QUOTED_INCLUDE_IN_FRAMEWORK_HEADER = YES;
				CLANG_WARN_RANGE_LOOP_ANALYSIS = YES;
				CLANG_WARN_STRICT_PROTOTYPES = YES;
				CLANG_WARN_SUSPICIOUS_MOVE = YES;
				CLANG_WARN_UNGUARDED_AVAILABILITY = YES_AGGRESSIVE;
				CLANG_WARN_UNREACHABLE_CODE = YES;
				CLANG_WARN__DUPLICATE_METHOD_MATCH = YES;
				COPY_PHASE_STRIP = NO;
				DEBUG_INFORMATION_FORMAT = "dwarf-with-dsym";
				ENABLE_NS_ASSERTIONS = NO;
				ENABLE_STRICT_OBJC_MSGSEND = YES;
				GCC_C_LANGUAGE_STANDARD = gnu11;
				GCC_NO_COMMON_BLOCKS = YES;
				GCC_WARN_64_TO_32_BIT_CONVERSION = YES;
				GCC_WARN_ABOUT_RETURN_TYPE = YES_ERROR;
				GCC_WARN_UNDECLARED_SELECTOR = YES;
				GCC_WARN_UNINITIALIZED_AUTOS = YES_AGGRESSIVE;
				GCC_WARN_UNUSED_FUNCTION = YES;
				GCC_WARN_UNUSED_VARIABLE = YES;
				IPHONEOS_DEPLOYMENT_TARGET = 15.0;
				MTL_ENABLE_DEBUG_INFO = NO;
				MTL_FAST_MATH = YES;
				SDKROOT = iphoneos;
				SWIFT_COMPILATION_MODE = wholemodule;
				SWIFT_OPTIMIZATION_LEVEL = "-O";
				VALIDATE_PRODUCT = YES;
			};
			name = Release;
		};
		96C9A2DA2718864700EF979D /* Debug */ = {
			isa = XCBuildConfiguration;
			buildSettings = {
				ASSETCATALOG_COMPILER_APPICON_NAME = AppIcon;
				ASSETCATALOG_COMPILER_GLOBAL_ACCENT_COLOR_NAME = AccentColor;
				CODE_SIGN_STYLE = Automatic;
				CURRENT_PROJECT_VERSION = 1;
				DEVELOPMENT_ASSET_PATHS = "\"DesignCodeiOS15/Preview Content\"";
				ENABLE_PREVIEWS = YES;
				GENERATE_INFOPLIST_FILE = YES;
				INFOPLIST_KEY_UIApplicationSceneManifest_Generation = YES;
				INFOPLIST_KEY_UIApplicationSupportsIndirectInputEvents = YES;
				INFOPLIST_KEY_UILaunchScreen_Generation = YES;
				INFOPLIST_KEY_UISupportedInterfaceOrientations_iPad = "UIInterfaceOrientationPortrait UIInterfaceOrientationPortraitUpsideDown UIInterfaceOrientationLandscapeLeft UIInterfaceOrientationLandscapeRight";
				INFOPLIST_KEY_UISupportedInterfaceOrientations_iPhone = "UIInterfaceOrientationPortrait UIInterfaceOrientationLandscapeLeft UIInterfaceOrientationLandscapeRight";
				IPHONEOS_DEPLOYMENT_TARGET = 15.0;
				LD_RUNPATH_SEARCH_PATHS = (
					"$(inherited)",
					"@executable_path/Frameworks",
				);
				MARKETING_VERSION = 1.0;
				PRODUCT_BUNDLE_IDENTIFIER = io.designcode.DesignCodeiOS15;
				PRODUCT_NAME = DesignCode;
				SWIFT_EMIT_LOC_STRINGS = YES;
				SWIFT_VERSION = 5.0;
				TARGETED_DEVICE_FAMILY = "1,2";
			};
			name = Debug;
		};
		96C9A2DB2718864700EF979D /* Release */ = {
			isa = XCBuildConfiguration;
			buildSettings = {
				ASSETCATALOG_COMPILER_APPICON_NAME = AppIcon;
				ASSETCATALOG_COMPILER_GLOBAL_ACCENT_COLOR_NAME = AccentColor;
				CODE_SIGN_STYLE = Automatic;
				CURRENT_PROJECT_VERSION = 1;
				DEVELOPMENT_ASSET_PATHS = "\"DesignCodeiOS15/Preview Content\"";
				ENABLE_PREVIEWS = YES;
				GENERATE_INFOPLIST_FILE = YES;
				INFOPLIST_KEY_UIApplicationSceneManifest_Generation = YES;
				INFOPLIST_KEY_UIApplicationSupportsIndirectInputEvents = YES;
				INFOPLIST_KEY_UILaunchScreen_Generation = YES;
				INFOPLIST_KEY_UISupportedInterfaceOrientations_iPad = "UIInterfaceOrientationPortrait UIInterfaceOrientationPortraitUpsideDown UIInterfaceOrientationLandscapeLeft UIInterfaceOrientationLandscapeRight";
				INFOPLIST_KEY_UISupportedInterfaceOrientations_iPhone = "UIInterfaceOrientationPortrait UIInterfaceOrientationLandscapeLeft UIInterfaceOrientationLandscapeRight";
				IPHONEOS_DEPLOYMENT_TARGET = 15.0;
				LD_RUNPATH_SEARCH_PATHS = (
					"$(inherited)",
					"@executable_path/Frameworks",
				);
				MARKETING_VERSION = 1.0;
				PRODUCT_BUNDLE_IDENTIFIER = io.designcode.DesignCodeiOS15;
				PRODUCT_NAME = DesignCode;
				SWIFT_EMIT_LOC_STRINGS = YES;
				SWIFT_VERSION = 5.0;
				TARGETED_DEVICE_FAMILY = "1,2";
			};
			name = Release;
		};
/* End XCBuildConfiguration section */

/* Begin XCConfigurationList section */
		96C9A2C62718864400EF979D /* Build configuration list for PBXProject "DesignCodeiOS15" */ = {
			isa = XCConfigurationList;
			buildConfigurations = (
				96C9A2D72718864700EF979D /* Debug */,
				96C9A2D82718864700EF979D /* Release */,
			);
			defaultConfigurationIsVisible = 0;
			defaultConfigurationName = Release;
		};
		96C9A2D92718864700EF979D /* Build configuration list for PBXNativeTarget "DesignCodeiOS15" */ = {
			isa = XCConfigurationList;
			buildConfigurations = (
				96C9A2DA2718864700EF979D /* Debug */,
				96C9A2DB2718864700EF979D /* Release */,
			);
			defaultConfigurationIsVisible = 0;
			defaultConfigurationName = Release;
		};
/* End XCConfigurationList section */
	};
	rootObject = 96C9A2C32718864400EF979D /* Project object */;
}
